
Microsoft Visual Studio Solution File, Format Version 12.00
# Visual Studio Version 17
VisualStudioVersion = 17.8.34330.188
MinimumVisualStudioVersion = 10.0.40219.1
Project("{888888A0-9F3D-457C-B088-3A5042F75D52}") = "CIS261 Guessing Game", "CIS261 Guessing Game.pyproj", "{10EEAA26-8EDD-4F41-942A-71E7883AEA0C}"
EndProject
Global
	GlobalSection(SolutionConfigurationPlatforms) = preSolution
		Debug|Any CPU = Debug|Any CPU
		Release|Any CPU = Release|Any CPU
	EndGlobalSection
	GlobalSection(ProjectConfigurationPlatforms) = postSolution
		{10EEAA26-8EDD-4F41-942A-71E7883AEA0C}.Debug|Any CPU.ActiveCfg = Debug|Any CPU
		{10EEAA26-8EDD-4F41-942A-71E7883AEA0C}.Release|Any CPU.ActiveCfg = Release|Any CPU
	EndGlobalSection
	GlobalSection(SolutionProperties) = preSolution
		HideSolutionNode = FALSE
	EndGlobalSection
	GlobalSection(ExtensibilityGlobals) = postSolution
		SolutionGuid = {B33E386C-AB51-4173-A413-C3AD7EF531D3}
	EndGlobalSection
EndGlobal
